
Microsoft Visual Studio Solution File, Format Version 12.00
# Visual Studio 15
VisualStudioVersion = 15.0.28010.2041
MinimumVisualStudioVersion = 10.0.40219.1
Project("{F184B08F-C81C-45F6-A57F-5ABD9991F28F}") = "Proyecto 2 LFP", "Proyecto 2 LFP\Proyecto 2 LFP.vbproj", "{D2A9DB8B-CDEB-4679-BA14-8BFB79D6AD94}"
EndProject
Global
	GlobalSection(SolutionConfigurationPlatforms) = preSolution
		Debug|Any CPU = Debug|Any CPU
		Release|Any CPU = Release|Any CPU
	EndGlobalSection
	GlobalSection(ProjectConfigurationPlatforms) = postSolution
		{D2A9DB8B-CDEB-4679-BA14-8BFB79D6AD94}.Debug|Any CPU.ActiveCfg = Debug|Any CPU
		{D2A9DB8B-CDEB-4679-BA14-8BFB79D6AD94}.Debug|Any CPU.Build.0 = Debug|Any CPU
		{D2A9DB8B-CDEB-4679-BA14-8BFB79D6AD94}.Release|Any CPU.ActiveCfg = Release|Any CPU
		{D2A9DB8B-CDEB-4679-BA14-8BFB79D6AD94}.Release|Any CPU.Build.0 = Release|Any CPU
	EndGlobalSection
	GlobalSection(SolutionProperties) = preSolution
		HideSolutionNode = FALSE
	EndGlobalSection
	GlobalSection(ExtensibilityGlobals) = postSolution
		SolutionGuid = {AE058143-B4E3-4F08-ADB2-62124D77883F}
	EndGlobalSection
EndGlobal
